
Microsoft Visual Studio Solution File, Format Version 12.00
# Visual Studio 15
VisualStudioVersion = 15.0.27130.2027
MinimumVisualStudioVersion = 10.0.40219.1
Project("{FAE04EC0-301F-11D3-BF4B-00C04F79EFBC}") = "XamarinTest.Android", "src\XamarinTest.Android\XamarinTest.Android.csproj", "{EB94BC07-AC77-42BC-8A6E-1B8A79497C89}"
EndProject
Project("{FAE04EC0-301F-11D3-BF4B-00C04F79EFBC}") = "XamarinTest.iOS", "src\XamarinTest.iOS\XamarinTest.iOS.csproj", "{30F8DBDE-E0C3-4F99-8BF6-55EE808BDC1A}"
EndProject
Project("{9A19103F-16F7-4668-BE54-9A1E7A4F7556}") = "XamarinTest", "src\XamarinTest\XamarinTest.csproj", "{744A02D2-EB1C-447F-8756-59629CE6DCAD}"
EndProject
Project("{2150E333-8FDC-42A3-9474-1A3956D46DE8}") = "src", "src", "{CAEBF9CA-C2E2-4410-A563-77306112F9CF}"
EndProject
Project("{2150E333-8FDC-42A3-9474-1A3956D46DE8}") = "libs", "libs", "{E1F4862B-B4DC-461C-8649-91D130160250}"
EndProject
Project("{2150E333-8FDC-42A3-9474-1A3956D46DE8}") = "tests", "tests", "{03B82895-FD44-486E-BD3C-114E2A161572}"
EndProject
Project("{9A19103F-16F7-4668-BE54-9A1E7A4F7556}") = "Services.UnitTests", "tests\Services.UnitTests\Services.UnitTests.csproj", "{3995C962-8817-4553-B826-2FE3B7526624}"
EndProject
Project("{9A19103F-16F7-4668-BE54-9A1E7A4F7556}") = "DataStructures", "libs\DataStructures\DataStructures.csproj", "{8659A1DA-2B88-4A2B-8EF2-094178E6EE2C}"
EndProject
Project("{9A19103F-16F7-4668-BE54-9A1E7A4F7556}") = "Interfaces", "libs\Interfaces\Interfaces.csproj", "{116790B5-6ED6-4494-A51F-C3D955593005}"
EndProject
Project("{9A19103F-16F7-4668-BE54-9A1E7A4F7556}") = "ServiceLocator", "libs\ServiceLocator\ServiceLocator.csproj", "{6C45D118-FDAE-485F-9E97-7F3C19957899}"
EndProject
Project("{9A19103F-16F7-4668-BE54-9A1E7A4F7556}") = "Services", "libs\Services\Services.csproj", "{A8225585-0F7F-4F08-B720-AD9DF15DFB85}"
EndProject
Project("{9A19103F-16F7-4668-BE54-9A1E7A4F7556}") = "ViewModels", "libs\ViewModels\ViewModels.csproj", "{0A9B0643-F9A8-48CC-A1BE-42C337069F26}"
EndProject
Global
	GlobalSection(SolutionConfigurationPlatforms) = preSolution
		Ad-Hoc|Any CPU = Ad-Hoc|Any CPU
		Ad-Hoc|iPhone = Ad-Hoc|iPhone
		Ad-Hoc|iPhoneSimulator = Ad-Hoc|iPhoneSimulator
		AppStore|Any CPU = AppStore|Any CPU
		AppStore|iPhone = AppStore|iPhone
		AppStore|iPhoneSimulator = AppStore|iPhoneSimulator
		Debug|Any CPU = Debug|Any CPU
		Debug|iPhone = Debug|iPhone
		Debug|iPhoneSimulator = Debug|iPhoneSimulator
		Release|Any CPU = Release|Any CPU
		Release|iPhone = Release|iPhone
		Release|iPhoneSimulator = Release|iPhoneSimulator
	EndGlobalSection
	GlobalSection(ProjectConfigurationPlatforms) = postSolution
		{EB94BC07-AC77-42BC-8A6E-1B8A79497C89}.Ad-Hoc|Any CPU.ActiveCfg = Release|Any CPU
		{EB94BC07-AC77-42BC-8A6E-1B8A79497C89}.Ad-Hoc|Any CPU.Build.0 = Release|Any CPU
		{EB94BC07-AC77-42BC-8A6E-1B8A79497C89}.Ad-Hoc|Any CPU.Deploy.0 = Release|Any CPU
		{EB94BC07-AC77-42BC-8A6E-1B8A79497C89}.Ad-Hoc|iPhone.ActiveCfg = Release|Any CPU
		{EB94BC07-AC77-42BC-8A6E-1B8A79497C89}.Ad-Hoc|iPhone.Build.0 = Release|Any CPU
		{EB94BC07-AC77-42BC-8A6E-1B8A79497C89}.Ad-Hoc|iPhone.Deploy.0 = Release|Any CPU
		{EB94BC07-AC77-42BC-8A6E-1B8A79497C89}.Ad-Hoc|iPhoneSimulator.ActiveCfg = Release|Any CPU
		{EB94BC07-AC77-42BC-8A6E-1B8A79497C89}.Ad-Hoc|iPhoneSimulator.Build.0 = Release|Any CPU
		{EB94BC07-AC77-42BC-8A6E-1B8A79497C89}.Ad-Hoc|iPhoneSimulator.Deploy.0 = Release|Any CPU
		{EB94BC07-AC77-42BC-8A6E-1B8A79497C89}.AppStore|Any CPU.ActiveCfg = Release|Any CPU
		{EB94BC07-AC77-42BC-8A6E-1B8A79497C89}.AppStore|Any CPU.Build.0 = Release|Any CPU
		{EB94BC07-AC77-42BC-8A6E-1B8A79497C89}.AppStore|Any CPU.Deploy.0 = Release|Any CPU
		{EB94BC07-AC77-42BC-8A6E-1B8A79497C89}.AppStore|iPhone.ActiveCfg = Release|Any CPU
		{EB94BC07-AC77-42BC-8A6E-1B8A79497C89}.AppStore|iPhone.Build.0 = Release|Any CPU
		{EB94BC07-AC77-42BC-8A6E-1B8A79497C89}.AppStore|iPhone.Deploy.0 = Release|Any CPU
		{EB94BC07-AC77-42BC-8A6E-1B8A79497C89}.AppStore|iPhoneSimulator.ActiveCfg = Release|Any CPU
		{EB94BC07-AC77-42BC-8A6E-1B8A79497C89}.AppStore|iPhoneSimulator.Build.0 = Release|Any CPU
		{EB94BC07-AC77-42BC-8A6E-1B8A79497C89}.AppStore|iPhoneSimulator.Deploy.0 = Release|Any CPU
		{EB94BC07-AC77-42BC-8A6E-1B8A79497C89}.Debug|Any CPU.ActiveCfg = Debug|Any CPU
		{EB94BC07-AC77-42BC-8A6E-1B8A79497C89}.Debug|Any CPU.Build.0 = Debug|Any CPU
		{EB94BC07-AC77-42BC-8A6E-1B8A79497C89}.Debug|Any CPU.Deploy.0 = Debug|Any CPU
		{EB94BC07-AC77-42BC-8A6E-1B8A79497C89}.Debug|iPhone.ActiveCfg = Debug|Any CPU
		{EB94BC07-AC77-42BC-8A6E-1B8A79497C89}.Debug|iPhone.Build.0 = Debug|Any CPU
		{EB94BC07-AC77-42BC-8A6E-1B8A79497C89}.Debug|iPhone.Deploy.0 = Debug|Any CPU
		{EB94BC07-AC77-42BC-8A6E-1B8A79497C89}.Debug|iPhoneSimulator.ActiveCfg = Debug|Any CPU
		{EB94BC07-AC77-42BC-8A6E-1B8A79497C89}.Debug|iPhoneSimulator.Build.0 = Debug|Any CPU
		{EB94BC07-AC77-42BC-8A6E-1B8A79497C89}.Debug|iPhoneSimulator.Deploy.0 = Debug|Any CPU
		{EB94BC07-AC77-42BC-8A6E-1B8A79497C89}.Release|Any CPU.ActiveCfg = Release|Any CPU
		{EB94BC07-AC77-42BC-8A6E-1B8A79497C89}.Release|Any CPU.Build.0 = Release|Any CPU
		{EB94BC07-AC77-42BC-8A6E-1B8A79497C89}.Release|Any CPU.Deploy.0 = Release|Any CPU
		{EB94BC07-AC77-42BC-8A6E-1B8A79497C89}.Release|iPhone.ActiveCfg = Release|Any CPU
		{EB94BC07-AC77-42BC-8A6E-1B8A79497C89}.Release|iPhone.Build.0 = Release|Any CPU
		{EB94BC07-AC77-42BC-8A6E-1B8A79497C89}.Release|iPhone.Deploy.0 = Release|Any CPU
		{EB94BC07-AC77-42BC-8A6E-1B8A79497C89}.Release|iPhoneSimulator.ActiveCfg = Release|Any CPU
		{EB94BC07-AC77-42BC-8A6E-1B8A79497C89}.Release|iPhoneSimulator.Build.0 = Release|Any CPU
		{EB94BC07-AC77-42BC-8A6E-1B8A79497C89}.Release|iPhoneSimulator.Deploy.0 = Release|Any CPU
		{30F8DBDE-E0C3-4F99-8BF6-55EE808BDC1A}.Ad-Hoc|Any CPU.ActiveCfg = Ad-Hoc|iPhone
		{30F8DBDE-E0C3-4F99-8BF6-55EE808BDC1A}.Ad-Hoc|iPhone.ActiveCfg = Ad-Hoc|iPhone
		{30F8DBDE-E0C3-4F99-8BF6-55EE808BDC1A}.Ad-Hoc|iPhone.Build.0 = Ad-Hoc|iPhone
		{30F8DBDE-E0C3-4F99-8BF6-55EE808BDC1A}.Ad-Hoc|iPhoneSimulator.ActiveCfg = Ad-Hoc|iPhoneSimulator
		{30F8DBDE-E0C3-4F99-8BF6-55EE808BDC1A}.Ad-Hoc|iPhoneSimulator.Build.0 = Ad-Hoc|iPhoneSimulator
		{30F8DBDE-E0C3-4F99-8BF6-55EE808BDC1A}.AppStore|Any CPU.ActiveCfg = AppStore|iPhone
		{30F8DBDE-E0C3-4F99-8BF6-55EE808BDC1A}.AppStore|iPhone.ActiveCfg = AppStore|iPhone
		{30F8DBDE-E0C3-4F99-8BF6-55EE808BDC1A}.AppStore|iPhone.Build.0 = AppStore|iPhone
		{30F8DBDE-E0C3-4F99-8BF6-55EE808BDC1A}.AppStore|iPhoneSimulator.ActiveCfg = AppStore|iPhoneSimulator
		{30F8DBDE-E0C3-4F99-8BF6-55EE808BDC1A}.AppStore|iPhoneSimulator.Build.0 = AppStore|iPhoneSimulator
		{30F8DBDE-E0C3-4F99-8BF6-55EE808BDC1A}.Debug|Any CPU.ActiveCfg = Debug|iPhone
		{30F8DBDE-E0C3-4F99-8BF6-55EE808BDC1A}.Debug|iPhone.ActiveCfg = Debug|iPhone
		{30F8DBDE-E0C3-4F99-8BF6-55EE808BDC1A}.Debug|iPhone.Build.0 = Debug|iPhone
		{30F8DBDE-E0C3-4F99-8BF6-55EE808BDC1A}.Debug|iPhoneSimulator.ActiveCfg = Debug|iPhoneSimulator
		{30F8DBDE-E0C3-4F99-8BF6-55EE808BDC1A}.Debug|iPhoneSimulator.Build.0 = Debug|iPhoneSimulator
		{30F8DBDE-E0C3-4F99-8BF6-55EE808BDC1A}.Release|Any CPU.ActiveCfg = Release|iPhone
		{30F8DBDE-E0C3-4F99-8BF6-55EE808BDC1A}.Release|iPhone.ActiveCfg = Release|iPhone
		{30F8DBDE-E0C3-4F99-8BF6-55EE808BDC1A}.Release|iPhone.Build.0 = Release|iPhone
		{30F8DBDE-E0C3-4F99-8BF6-55EE808BDC1A}.Release|iPhoneSimulator.ActiveCfg = Release|iPhoneSimulator
		{30F8DBDE-E0C3-4F99-8BF6-55EE808BDC1A}.Release|iPhoneSimulator.Build.0 = Release|iPhoneSimulator
		{744A02D2-EB1C-447F-8756-59629CE6DCAD}.Ad-Hoc|Any CPU.ActiveCfg = Debug|Any CPU
		{744A02D2-EB1C-447F-8756-59629CE6DCAD}.Ad-Hoc|Any CPU.Build.0 = Debug|Any CPU
		{744A02D2-EB1C-447F-8756-59629CE6DCAD}.Ad-Hoc|iPhone.ActiveCfg = Debug|Any CPU
		{744A02D2-EB1C-447F-8756-59629CE6DCAD}.Ad-Hoc|iPhone.Build.0 = Debug|Any CPU
		{744A02D2-EB1C-447F-8756-59629CE6DCAD}.Ad-Hoc|iPhoneSimulator.ActiveCfg = Debug|Any CPU
		{744A02D2-EB1C-447F-8756-59629CE6DCAD}.Ad-Hoc|iPhoneSimulator.Build.0 = Debug|Any CPU
		{744A02D2-EB1C-447F-8756-59629CE6DCAD}.AppStore|Any CPU.ActiveCfg = Debug|Any CPU
		{744A02D2-EB1C-447F-8756-59629CE6DCAD}.AppStore|Any CPU.Build.0 = Debug|Any CPU
		{744A02D2-EB1C-447F-8756-59629CE6DCAD}.AppStore|iPhone.ActiveCfg = Debug|Any CPU
		{744A02D2-EB1C-447F-8756-59629CE6DCAD}.AppStore|iPhone.Build.0 = Debug|Any CPU
		{744A02D2-EB1C-447F-8756-59629CE6DCAD}.AppStore|iPhoneSimulator.ActiveCfg = Debug|Any CPU
		{744A02D2-EB1C-447F-8756-59629CE6DCAD}.AppStore|iPhoneSimulator.Build.0 = Debug|Any CPU
		{744A02D2-EB1C-447F-8756-59629CE6DCAD}.Debug|Any CPU.ActiveCfg = Debug|Any CPU
		{744A02D2-EB1C-447F-8756-59629CE6DCAD}.Debug|Any CPU.Build.0 = Debug|Any CPU
		{744A02D2-EB1C-447F-8756-59629CE6DCAD}.Debug|iPhone.ActiveCfg = Debug|Any CPU
		{744A02D2-EB1C-447F-8756-59629CE6DCAD}.Debug|iPhone.Build.0 = Debug|Any CPU
		{744A02D2-EB1C-447F-8756-59629CE6DCAD}.Debug|iPhoneSimulator.ActiveCfg = Debug|Any CPU
		{744A02D2-EB1C-447F-8756-59629CE6DCAD}.Debug|iPhoneSimulator.Build.0 = Debug|Any CPU
		{744A02D2-EB1C-447F-8756-59629CE6DCAD}.Release|Any CPU.ActiveCfg = Release|Any CPU
		{744A02D2-EB1C-447F-8756-59629CE6DCAD}.Release|Any CPU.Build.0 = Release|Any CPU
		{744A02D2-EB1C-447F-8756-59629CE6DCAD}.Release|iPhone.ActiveCfg = Release|Any CPU
		{744A02D2-EB1C-447F-8756-59629CE6DCAD}.Release|iPhone.Build.0 = Release|Any CPU
		{744A02D2-EB1C-447F-8756-59629CE6DCAD}.Release|iPhoneSimulator.ActiveCfg = Release|Any CPU
		{744A02D2-EB1C-447F-8756-59629CE6DCAD}.Release|iPhoneSimulator.Build.0 = Release|Any CPU
		{3995C962-8817-4553-B826-2FE3B7526624}.Ad-Hoc|Any CPU.ActiveCfg = Debug|Any CPU
		{3995C962-8817-4553-B826-2FE3B7526624}.Ad-Hoc|Any CPU.Build.0 = Debug|Any CPU
		{3995C962-8817-4553-B826-2FE3B7526624}.Ad-Hoc|iPhone.ActiveCfg = Debug|Any CPU
		{3995C962-8817-4553-B826-2FE3B7526624}.Ad-Hoc|iPhone.Build.0 = Debug|Any CPU
		{3995C962-8817-4553-B826-2FE3B7526624}.Ad-Hoc|iPhoneSimulator.ActiveCfg = Debug|Any CPU
		{3995C962-8817-4553-B826-2FE3B7526624}.Ad-Hoc|iPhoneSimulator.Build.0 = Debug|Any CPU
		{3995C962-8817-4553-B826-2FE3B7526624}.AppStore|Any CPU.ActiveCfg = Debug|Any CPU
		{3995C962-8817-4553-B826-2FE3B7526624}.AppStore|Any CPU.Build.0 = Debug|Any CPU
		{3995C962-8817-4553-B826-2FE3B7526624}.AppStore|iPhone.ActiveCfg = Debug|Any CPU
		{3995C962-8817-4553-B826-2FE3B7526624}.AppStore|iPhone.Build.0 = Debug|Any CPU
		{3995C962-8817-4553-B826-2FE3B7526624}.AppStore|iPhoneSimulator.ActiveCfg = Debug|Any CPU
		{3995C962-8817-4553-B826-2FE3B7526624}.AppStore|iPhoneSimulator.Build.0 = Debug|Any CPU
		{3995C962-8817-4553-B826-2FE3B7526624}.Debug|Any CPU.ActiveCfg = Debug|Any CPU
		{3995C962-8817-4553-B826-2FE3B7526624}.Debug|Any CPU.Build.0 = Debug|Any CPU
		{3995C962-8817-4553-B826-2FE3B7526624}.Debug|iPhone.ActiveCfg = Debug|Any CPU
		{3995C962-8817-4553-B826-2FE3B7526624}.Debug|iPhone.Build.0 = Debug|Any CPU
		{3995C962-8817-4553-B826-2FE3B7526624}.Debug|iPhoneSimulator.ActiveCfg = Debug|Any CPU
		{3995C962-8817-4553-B826-2FE3B7526624}.Debug|iPhoneSimulator.Build.0 = Debug|Any CPU
		{3995C962-8817-4553-B826-2FE3B7526624}.Release|Any CPU.ActiveCfg = Release|Any CPU
		{3995C962-8817-4553-B826-2FE3B7526624}.Release|Any CPU.Build.0 = Release|Any CPU
		{3995C962-8817-4553-B826-2FE3B7526624}.Release|iPhone.ActiveCfg = Release|Any CPU
		{3995C962-8817-4553-B826-2FE3B7526624}.Release|iPhone.Build.0 = Release|Any CPU
		{3995C962-8817-4553-B826-2FE3B7526624}.Release|iPhoneSimulator.ActiveCfg = Release|Any CPU
		{3995C962-8817-4553-B826-2FE3B7526624}.Release|iPhoneSimulator.Build.0 = Release|Any CPU
		{8659A1DA-2B88-4A2B-8EF2-094178E6EE2C}.Ad-Hoc|Any CPU.ActiveCfg = Debug|Any CPU
		{8659A1DA-2B88-4A2B-8EF2-094178E6EE2C}.Ad-Hoc|Any CPU.Build.0 = Debug|Any CPU
		{8659A1DA-2B88-4A2B-8EF2-094178E6EE2C}.Ad-Hoc|iPhone.ActiveCfg = Debug|Any CPU
		{8659A1DA-2B88-4A2B-8EF2-094178E6EE2C}.Ad-Hoc|iPhone.Build.0 = Debug|Any CPU
		{8659A1DA-2B88-4A2B-8EF2-094178E6EE2C}.Ad-Hoc|iPhoneSimulator.ActiveCfg = Debug|Any CPU
		{8659A1DA-2B88-4A2B-8EF2-094178E6EE2C}.Ad-Hoc|iPhoneSimulator.Build.0 = Debug|Any CPU
		{8659A1DA-2B88-4A2B-8EF2-094178E6EE2C}.AppStore|Any CPU.ActiveCfg = Debug|Any CPU
		{8659A1DA-2B88-4A2B-8EF2-094178E6EE2C}.AppStore|Any CPU.Build.0 = Debug|Any CPU
		{8659A1DA-2B88-4A2B-8EF2-094178E6EE2C}.AppStore|iPhone.ActiveCfg = Debug|Any CPU
		{8659A1DA-2B88-4A2B-8EF2-094178E6EE2C}.AppStore|iPhone.Build.0 = Debug|Any CPU
		{8659A1DA-2B88-4A2B-8EF2-094178E6EE2C}.AppStore|iPhoneSimulator.ActiveCfg = Debug|Any CPU
		{8659A1DA-2B88-4A2B-8EF2-094178E6EE2C}.AppStore|iPhoneSimulator.Build.0 = Debug|Any CPU
		{8659A1DA-2B88-4A2B-8EF2-094178E6EE2C}.Debug|Any CPU.ActiveCfg = Debug|Any CPU
		{8659A1DA-2B88-4A2B-8EF2-094178E6EE2C}.Debug|Any CPU.Build.0 = Debug|Any CPU
		{8659A1DA-2B88-4A2B-8EF2-094178E6EE2C}.Debug|iPhone.ActiveCfg = Debug|Any CPU
		{8659A1DA-2B88-4A2B-8EF2-094178E6EE2C}.Debug|iPhone.Build.0 = Debug|Any CPU
		{8659A1DA-2B88-4A2B-8EF2-094178E6EE2C}.Debug|iPhoneSimulator.ActiveCfg = Debug|Any CPU
		{8659A1DA-2B88-4A2B-8EF2-094178E6EE2C}.Debug|iPhoneSimulator.Build.0 = Debug|Any CPU
		{8659A1DA-2B88-4A2B-8EF2-094178E6EE2C}.Release|Any CPU.ActiveCfg = Release|Any CPU
		{8659A1DA-2B88-4A2B-8EF2-094178E6EE2C}.Release|Any CPU.Build.0 = Release|Any CPU
		{8659A1DA-2B88-4A2B-8EF2-094178E6EE2C}.Release|iPhone.ActiveCfg = Release|Any CPU
		{8659A1DA-2B88-4A2B-8EF2-094178E6EE2C}.Release|iPhone.Build.0 = Release|Any CPU
		{8659A1DA-2B88-4A2B-8EF2-094178E6EE2C}.Release|iPhoneSimulator.ActiveCfg = Release|Any CPU
		{8659A1DA-2B88-4A2B-8EF2-094178E6EE2C}.Release|iPhoneSimulator.Build.0 = Release|Any CPU
		{116790B5-6ED6-4494-A51F-C3D955593005}.Ad-Hoc|Any CPU.ActiveCfg = Debug|Any CPU
		{116790B5-6ED6-4494-A51F-C3D955593005}.Ad-Hoc|Any CPU.Build.0 = Debug|Any CPU
		{116790B5-6ED6-4494-A51F-C3D955593005}.Ad-Hoc|iPhone.ActiveCfg = Debug|Any CPU
		{116790B5-6ED6-4494-A51F-C3D955593005}.Ad-Hoc|iPhone.Build.0 = Debug|Any CPU
		{116790B5-6ED6-4494-A51F-C3D955593005}.Ad-Hoc|iPhoneSimulator.ActiveCfg = Debug|Any CPU
		{116790B5-6ED6-4494-A51F-C3D955593005}.Ad-Hoc|iPhoneSimulator.Build.0 = Debug|Any CPU
		{116790B5-6ED6-4494-A51F-C3D955593005}.AppStore|Any CPU.ActiveCfg = Debug|Any CPU
		{116790B5-6ED6-4494-A51F-C3D955593005}.AppStore|Any CPU.Build.0 = Debug|Any CPU
		{116790B5-6ED6-4494-A51F-C3D955593005}.AppStore|iPhone.ActiveCfg = Debug|Any CPU
		{116790B5-6ED6-4494-A51F-C3D955593005}.AppStore|iPhone.Build.0 = Debug|Any CPU
		{116790B5-6ED6-4494-A51F-C3D955593005}.AppStore|iPhoneSimulator.ActiveCfg = Debug|Any CPU
		{116790B5-6ED6-4494-A51F-C3D955593005}.AppStore|iPhoneSimulator.Build.0 = Debug|Any CPU
		{116790B5-6ED6-4494-A51F-C3D955593005}.Debug|Any CPU.ActiveCfg = Debug|Any CPU
		{116790B5-6ED6-4494-A51F-C3D955593005}.Debug|Any CPU.Build.0 = Debug|Any CPU
		{116790B5-6ED6-4494-A51F-C3D955593005}.Debug|iPhone.ActiveCfg = Debug|Any CPU
		{116790B5-6ED6-4494-A51F-C3D955593005}.Debug|iPhone.Build.0 = Debug|Any CPU
		{116790B5-6ED6-4494-A51F-C3D955593005}.Debug|iPhoneSimulator.ActiveCfg = Debug|Any CPU
		{116790B5-6ED6-4494-A51F-C3D955593005}.Debug|iPhoneSimulator.Build.0 = Debug|Any CPU
		{116790B5-6ED6-4494-A51F-C3D955593005}.Release|Any CPU.ActiveCfg = Release|Any CPU
		{116790B5-6ED6-4494-A51F-C3D955593005}.Release|Any CPU.Build.0 = Release|Any CPU
		{116790B5-6ED6-4494-A51F-C3D955593005}.Release|iPhone.ActiveCfg = Release|Any CPU
		{116790B5-6ED6-4494-A51F-C3D955593005}.Release|iPhone.Build.0 = Release|Any CPU
		{116790B5-6ED6-4494-A51F-C3D955593005}.Release|iPhoneSimulator.ActiveCfg = Release|Any CPU
		{116790B5-6ED6-4494-A51F-C3D955593005}.Release|iPhoneSimulator.Build.0 = Release|Any CPU
		{6C45D118-FDAE-485F-9E97-7F3C19957899}.Ad-Hoc|Any CPU.ActiveCfg = Debug|Any CPU
		{6C45D118-FDAE-485F-9E97-7F3C19957899}.Ad-Hoc|Any CPU.Build.0 = Debug|Any CPU
		{6C45D118-FDAE-485F-9E97-7F3C19957899}.Ad-Hoc|iPhone.ActiveCfg = Debug|Any CPU
		{6C45D118-FDAE-485F-9E97-7F3C19957899}.Ad-Hoc|iPhone.Build.0 = Debug|Any CPU
		{6C45D118-FDAE-485F-9E97-7F3C19957899}.Ad-Hoc|iPhoneSimulator.ActiveCfg = Debug|Any CPU
		{6C45D118-FDAE-485F-9E97-7F3C19957899}.Ad-Hoc|iPhoneSimulator.Build.0 = Debug|Any CPU
		{6C45D118-FDAE-485F-9E97-7F3C19957899}.AppStore|Any CPU.ActiveCfg = Debug|Any CPU
		{6C45D118-FDAE-485F-9E97-7F3C19957899}.AppStore|Any CPU.Build.0 = Debug|Any CPU
		{6C45D118-FDAE-485F-9E97-7F3C19957899}.AppStore|iPhone.ActiveCfg = Debug|Any CPU
		{6C45D118-FDAE-485F-9E97-7F3C19957899}.AppStore|iPhone.Build.0 = Debug|Any CPU
		{6C45D118-FDAE-485F-9E97-7F3C19957899}.AppStore|iPhoneSimulator.ActiveCfg = Debug|Any CPU
		{6C45D118-FDAE-485F-9E97-7F3C19957899}.AppStore|iPhoneSimulator.Build.0 = Debug|Any CPU
		{6C45D118-FDAE-485F-9E97-7F3C19957899}.Debug|Any CPU.ActiveCfg = Debug|Any CPU
		{6C45D118-FDAE-485F-9E97-7F3C19957899}.Debug|Any CPU.Build.0 = Debug|Any CPU
		{6C45D118-FDAE-485F-9E97-7F3C19957899}.Debug|iPhone.ActiveCfg = Debug|Any CPU
		{6C45D118-FDAE-485F-9E97-7F3C19957899}.Debug|iPhone.Build.0 = Debug|Any CPU
		{6C45D118-FDAE-485F-9E97-7F3C19957899}.Debug|iPhoneSimulator.ActiveCfg = Debug|Any CPU
		{6C45D118-FDAE-485F-9E97-7F3C19957899}.Debug|iPhoneSimulator.Build.0 = Debug|Any CPU
		{6C45D118-FDAE-485F-9E97-7F3C19957899}.Release|Any CPU.ActiveCfg = Release|Any CPU
		{6C45D118-FDAE-485F-9E97-7F3C19957899}.Release|Any CPU.Build.0 = Release|Any CPU
		{6C45D118-FDAE-485F-9E97-7F3C19957899}.Release|iPhone.ActiveCfg = Release|Any CPU
		{6C45D118-FDAE-485F-9E97-7F3C19957899}.Release|iPhone.Build.0 = Release|Any CPU
		{6C45D118-FDAE-485F-9E97-7F3C19957899}.Release|iPhoneSimulator.ActiveCfg = Release|Any CPU
		{6C45D118-FDAE-485F-9E97-7F3C19957899}.Release|iPhoneSimulator.Build.0 = Release|Any CPU
		{A8225585-0F7F-4F08-B720-AD9DF15DFB85}.Ad-Hoc|Any CPU.ActiveCfg = Debug|Any CPU
		{A8225585-0F7F-4F08-B720-AD9DF15DFB85}.Ad-Hoc|Any CPU.Build.0 = Debug|Any CPU
		{A8225585-0F7F-4F08-B720-AD9DF15DFB85}.Ad-Hoc|iPhone.ActiveCfg = Debug|Any CPU
		{A8225585-0F7F-4F08-B720-AD9DF15DFB85}.Ad-Hoc|iPhone.Build.0 = Debug|Any CPU
		{A8225585-0F7F-4F08-B720-AD9DF15DFB85}.Ad-Hoc|iPhoneSimulator.ActiveCfg = Debug|Any CPU
		{A8225585-0F7F-4F08-B720-AD9DF15DFB85}.Ad-Hoc|iPhoneSimulator.Build.0 = Debug|Any CPU
		{A8225585-0F7F-4F08-B720-AD9DF15DFB85}.AppStore|Any CPU.ActiveCfg = Debug|Any CPU
		{A8225585-0F7F-4F08-B720-AD9DF15DFB85}.AppStore|Any CPU.Build.0 = Debug|Any CPU
		{A8225585-0F7F-4F08-B720-AD9DF15DFB85}.AppStore|iPhone.ActiveCfg = Debug|Any CPU
		{A8225585-0F7F-4F08-B720-AD9DF15DFB85}.AppStore|iPhone.Build.0 = Debug|Any CPU
		{A8225585-0F7F-4F08-B720-AD9DF15DFB85}.AppStore|iPhoneSimulator.ActiveCfg = Debug|Any CPU
		{A8225585-0F7F-4F08-B720-AD9DF15DFB85}.AppStore|iPhoneSimulator.Build.0 = Debug|Any CPU
		{A8225585-0F7F-4F08-B720-AD9DF15DFB85}.Debug|Any CPU.ActiveCfg = Debug|Any CPU
		{A8225585-0F7F-4F08-B720-AD9DF15DFB85}.Debug|Any CPU.Build.0 = Debug|Any CPU
		{A8225585-0F7F-4F08-B720-AD9DF15DFB85}.Debug|iPhone.ActiveCfg = Debug|Any CPU
		{A8225585-0F7F-4F08-B720-AD9DF15DFB85}.Debug|iPhone.Build.0 = Debug|Any CPU
		{A8225585-0F7F-4F08-B720-AD9DF15DFB85}.Debug|iPhoneSimulator.ActiveCfg = Debug|Any CPU
		{A8225585-0F7F-4F08-B720-AD9DF15DFB85}.Debug|iPhoneSimulator.Build.0 = Debug|Any CPU
		{A8225585-0F7F-4F08-B720-AD9DF15DFB85}.Release|Any CPU.ActiveCfg = Release|Any CPU
		{A8225585-0F7F-4F08-B720-AD9DF15DFB85}.Release|Any CPU.Build.0 = Release|Any CPU
		{A8225585-0F7F-4F08-B720-AD9DF15DFB85}.Release|iPhone.ActiveCfg = Release|Any CPU
		{A8225585-0F7F-4F08-B720-AD9DF15DFB85}.Release|iPhone.Build.0 = Release|Any CPU
		{A8225585-0F7F-4F08-B720-AD9DF15DFB85}.Release|iPhoneSimulator.ActiveCfg = Release|Any CPU
		{A8225585-0F7F-4F08-B720-AD9DF15DFB85}.Release|iPhoneSimulator.Build.0 = Release|Any CPU
		{0A9B0643-F9A8-48CC-A1BE-42C337069F26}.Ad-Hoc|Any CPU.ActiveCfg = Debug|Any CPU
		{0A9B0643-F9A8-48CC-A1BE-42C337069F26}.Ad-Hoc|Any CPU.Build.0 = Debug|Any CPU
		{0A9B0643-F9A8-48CC-A1BE-42C337069F26}.Ad-Hoc|iPhone.ActiveCfg = Debug|Any CPU
		{0A9B0643-F9A8-48CC-A1BE-42C337069F26}.Ad-Hoc|iPhone.Build.0 = Debug|Any CPU
		{0A9B0643-F9A8-48CC-A1BE-42C337069F26}.Ad-Hoc|iPhoneSimulator.ActiveCfg = Debug|Any CPU
		{0A9B0643-F9A8-48CC-A1BE-42C337069F26}.Ad-Hoc|iPhoneSimulator.Build.0 = Debug|Any CPU
		{0A9B0643-F9A8-48CC-A1BE-42C337069F26}.AppStore|Any CPU.ActiveCfg = Debug|Any CPU
		{0A9B0643-F9A8-48CC-A1BE-42C337069F26}.AppStore|Any CPU.Build.0 = Debug|Any CPU
		{0A9B0643-F9A8-48CC-A1BE-42C337069F26}.AppStore|iPhone.ActiveCfg = Debug|Any CPU
		{0A9B0643-F9A8-48CC-A1BE-42C337069F26}.AppStore|iPhone.Build.0 = Debug|Any CPU
		{0A9B0643-F9A8-48CC-A1BE-42C337069F26}.AppStore|iPhoneSimulator.ActiveCfg = Debug|Any CPU
		{0A9B0643-F9A8-48CC-A1BE-42C337069F26}.AppStore|iPhoneSimulator.Build.0 = Debug|Any CPU
		{0A9B0643-F9A8-48CC-A1BE-42C337069F26}.Debug|Any CPU.ActiveCfg = Debug|Any CPU
		{0A9B0643-F9A8-48CC-A1BE-42C337069F26}.Debug|Any CPU.Build.0 = Debug|Any CPU
		{0A9B0643-F9A8-48CC-A1BE-42C337069F26}.Debug|iPhone.ActiveCfg = Debug|Any CPU
		{0A9B0643-F9A8-48CC-A1BE-42C337069F26}.Debug|iPhone.Build.0 = Debug|Any CPU
		{0A9B0643-F9A8-48CC-A1BE-42C337069F26}.Debug|iPhoneSimulator.ActiveCfg = Debug|Any CPU
		{0A9B0643-F9A8-48CC-A1BE-42C337069F26}.Debug|iPhoneSimulator.Build.0 = Debug|Any CPU
		{0A9B0643-F9A8-48CC-A1BE-42C337069F26}.Release|Any CPU.ActiveCfg = Release|Any CPU
		{0A9B0643-F9A8-48CC-A1BE-42C337069F26}.Release|Any CPU.Build.0 = Release|Any CPU
		{0A9B0643-F9A8-48CC-A1BE-42C337069F26}.Release|iPhone.ActiveCfg = Release|Any CPU
		{0A9B0643-F9A8-48CC-A1BE-42C337069F26}.Release|iPhone.Build.0 = Release|Any CPU
		{0A9B0643-F9A8-48CC-A1BE-42C337069F26}.Release|iPhoneSimulator.ActiveCfg = Release|Any CPU
		{0A9B0643-F9A8-48CC-A1BE-42C337069F26}.Release|iPhoneSimulator.Build.0 = Release|Any CPU
	EndGlobalSection
	GlobalSection(SolutionProperties) = preSolution
		HideSolutionNode = FALSE
	EndGlobalSection
	GlobalSection(NestedProjects) = preSolution
		{EB94BC07-AC77-42BC-8A6E-1B8A79497C89} = {CAEBF9CA-C2E2-4410-A563-77306112F9CF}
		{30F8DBDE-E0C3-4F99-8BF6-55EE808BDC1A} = {CAEBF9CA-C2E2-4410-A563-77306112F9CF}
		{744A02D2-EB1C-447F-8756-59629CE6DCAD} = {CAEBF9CA-C2E2-4410-A563-77306112F9CF}
		{3995C962-8817-4553-B826-2FE3B7526624} = {03B82895-FD44-486E-BD3C-114E2A161572}
		{8659A1DA-2B88-4A2B-8EF2-094178E6EE2C} = {E1F4862B-B4DC-461C-8649-91D130160250}
		{116790B5-6ED6-4494-A51F-C3D955593005} = {E1F4862B-B4DC-461C-8649-91D130160250}
		{6C45D118-FDAE-485F-9E97-7F3C19957899} = {E1F4862B-B4DC-461C-8649-91D130160250}
		{A8225585-0F7F-4F08-B720-AD9DF15DFB85} = {E1F4862B-B4DC-461C-8649-91D130160250}
		{0A9B0643-F9A8-48CC-A1BE-42C337069F26} = {E1F4862B-B4DC-461C-8649-91D130160250}
	EndGlobalSection
	GlobalSection(ExtensibilityGlobals) = postSolution
		SolutionGuid = {EC9BEDA8-79DB-402D-92CC-7E012D63536C}
	EndGlobalSection
EndGlobal
